{
  "lockfileVersion": 1,
  "configVersion": 1,
  "workspaces": {
    "": {
      "name": "pokemon-harness-cli",
      "dependencies": {
        "@ai-sdk/openai-compatible": "3.0.0-canary.48",
        "@inquirer/prompts": "^8.0.0",
        "@minpeter/pss-runtime": "0.0.10",
        "ai": "7.0.0-canary.142",
        "chalk": "^5.6.0",
        "dotenv": "17.4.2",
        "jimp": "^1.6.1",
        "ky": "^1.14.0",
        "terminal-image": "^4.0.0",
        "zod": "^4.3.0",
      },
      "devDependencies": {
        "@biomejs/biome": "^2.5.0",
        "bun-types": "^1.3.0",
        "typescript": "^5.9.0",
      },
    },
  },
  "packages": {
    "@ai-sdk/gateway": ["@ai-sdk/gateway@4.0.0-canary.83", "", { "dependencies": { "@ai-sdk/provider": "4.0.0-canary.16", "@ai-sdk/provider-utils": "5.0.0-canary.41", "@vercel/oidc": "3.2.0" }, "peerDependencies": { "zod": "^3.25.76 || ^4.1.8" } }, "sha512-/vLA9WoE3VGtGdnjWU5roVyibrDgRkpyoCxde7tfndNVN3mLq+UjQWyK6t5GnrwAPpKqv4JIDyu6tkN54jtcNw=="],

    "@ai-sdk/openai-compatible": ["@ai-sdk/openai-compatible@3.0.0-canary.48", "", { "dependencies": { "@ai-sdk/provider": "4.0.0-canary.16", "@ai-sdk/provider-utils": "5.0.0-canary.41" }, "peerDependencies": { "zod": "^3.25.76 || ^4.1.8" } }, "sha512-eQ33kifFlMmVz5eep2dqQlCrNAFhQE7Jgq0ZG75Ti7aKGmQ2SWD+smnZ+pbIMGZvFxGhyeGXUYPYYWMXOBSnVA=="],

    "@ai-sdk/provider": ["@ai-sdk/provider@4.0.0-canary.16", "", { "dependencies": { "json-schema": "^0.4.0" } }, "sha512-IJKj5cOfRNbc1+rBIdyqFbsd4tjWY3wrM3y2D2YdZCHLi6qpS2yLN0P+ajEPCEnto6iZFWQHk28iRMwgvFSJRg=="],

    "@ai-sdk/provider-utils": ["@ai-sdk/provider-utils@5.0.0-canary.41", "", { "dependencies": { "@ai-sdk/provider": "4.0.0-canary.16", "@standard-schema/spec": "^1.1.0", "@workflow/serde": "4.1.0", "eventsource-parser": "^3.0.8" }, "peerDependencies": { "zod": "^3.25.76 || ^4.1.8" } }, "sha512-0bNrlQJr+R8QPvoVu/uIsS7K5SZLqVK3dWJoUYAz+z8NWFtB9qWfMADFls1bwXy8m+9HCRW9CmiNNkK79ppQmg=="],

    "@biomejs/biome": ["@biomejs/biome@2.5.0", "", { "optionalDependencies": { "@biomejs/cli-darwin-arm64": "2.5.0", "@biomejs/cli-darwin-x64": "2.5.0", "@biomejs/cli-linux-arm64": "2.5.0", "@biomejs/cli-linux-arm64-musl": "2.5.0", "@biomejs/cli-linux-x64": "2.5.0", "@biomejs/cli-linux-x64-musl": "2.5.0", "@biomejs/cli-win32-arm64": "2.5.0", "@biomejs/cli-win32-x64": "2.5.0" }, "bin": { "biome": "bin/biome" } }, "sha512-4kURkd9hAPrdDM3C9n82ycYgx8hvQcW6MjKTEejruj8rK0N8P3OPpdy8BvI8kt3KWY4ycF5XtDOrktetEfhfuw=="],

    "@biomejs/cli-darwin-arm64": ["@biomejs/cli-darwin-arm64@2.5.0", "", { "os": "darwin", "cpu": "arm64" }, "sha512-Mn3Fwi3SA5fgmfCPqmzpWF2DLZnms3BVAhM088nTnGrTZmHS3wwIjcoZPqpXeNgd3DrrLH6xp8vTLIBuJoZiXw=="],

    "@biomejs/cli-darwin-x64": ["@biomejs/cli-darwin-x64@2.5.0", "", { "os": "darwin", "cpu": "x64" }, "sha512-rg3VPL5P8mYro6pqlXYXuJWph21slVp3SZtAqWSrkZs40d2gTzYmHF8E/X1iTID25btmNKltNDJ926sqVBp7DQ=="],

    "@biomejs/cli-linux-arm64": ["@biomejs/cli-linux-arm64@2.5.0", "", { "os": "linux", "cpu": "arm64" }, "sha512-tl+LW8fdD96/xdeWtWwc82LIOc5CoY7N2AsogLTp5R4ECErYt+8Jl/N68ezN9vzSiqPTxw6vjcihoLPYKZHrlw=="],

    "@biomejs/cli-linux-arm64-musl": ["@biomejs/cli-linux-arm64-musl@2.5.0", "", { "os": "linux", "cpu": "arm64" }, "sha512-vQdM4oSGaf7ZNeGO9w5+Y8SBtyser9M6znxYbm7Ec8wInxJu1WiKxFYZW5Auj2d80bcVvefuGGRxoFOE0eee8g=="],

    "@biomejs/cli-linux-x64": ["@biomejs/cli-linux-x64@2.5.0", "", { "os": "linux", "cpu": "x64" }, "sha512-zpEGf4RQbFEh8Vt7OmavLyyOzRbtcE9osCqrS1kfvt8jDvxwhKXLSf7n0ebr/ov0RJ9ssP+lhs6C8a9WwFvrQA=="],

    "@biomejs/cli-linux-x64-musl": ["@biomejs/cli-linux-x64-musl@2.5.0", "", { "os": "linux", "cpu": "x64" }, "sha512-+9hIcMngJ+yGUahXqZuZ8CoWKJE9SAZsFsM3QDvXpNsLbXZ9lqVzgBhOk/jTSYkOA0GLP9eu3teukqpLUojHMg=="],

    "@biomejs/cli-win32-arm64": ["@biomejs/cli-win32-arm64@2.5.0", "", { "os": "win32", "cpu": "arm64" }, "sha512-jB0wAvTLI4itx5VidqVUejPQFhRUxiZ9l9FvZ26D5fl6t3qme+ZB4PD3bTSeL1vZ8NI2Rx/zj6H9zcESuGHKGw=="],

    "@biomejs/cli-win32-x64": ["@biomejs/cli-win32-x64@2.5.0", "", { "os": "win32", "cpu": "x64" }, "sha512-VT/lF+GId+67j8aDfLkxdxNoVApsPSTbyAtB3jJq0IWTrY77WXfbPfpngxq0bA6JCEv/7k8C9qWjDRKRznDlyw=="],

    "@borewit/text-codec": ["@borewit/text-codec@0.2.2", "", {}, "sha512-DDaRehssg1aNrH4+2hnj1B7vnUGEjU6OIlyRdkMd0aUdIUvKXrJfXsy8LVtXAy7DRvYVluWbMspsRhz2lcW0mQ=="],

    "@inquirer/ansi": ["@inquirer/ansi@2.0.7", "", {}, "sha512-3eTuUO1vH2cZm2ZKHeQxnOqlTi9EfZDGgIe3BL3I4u+rJHocr9Fz86M4fjYABPvFnQG/gGK551HqDiIcETwU6Q=="],

    "@inquirer/checkbox": ["@inquirer/checkbox@5.2.1", "", { "dependencies": { "@inquirer/ansi": "^2.0.7", "@inquirer/core": "^11.2.1", "@inquirer/figures": "^2.0.7", "@inquirer/type": "^4.0.7" }, "peerDependencies": { "@types/node": ">=18" }, "optionalPeers": ["@types/node"] }, "sha512-b6xmA/VlTe0ZgDQHDui+Nav470u7u49nRd8/iuhOcQPO9Ch7lGuogydhi2VOmNlZ+zXcM8IcPuNSwQcdJaF/kw=="],

    "@inquirer/confirm": ["@inquirer/confirm@6.1.1", "", { "dependencies": { "@inquirer/core": "^11.2.1", "@inquirer/type": "^4.0.7" }, "peerDependencies": { "@types/node": ">=18" }, "optionalPeers": ["@types/node"] }, "sha512-eb8DBZcz/2qHWQda4rk2JiQk5h9QV/cVHi1yjt0f69WFZMRFn0sJTye3EAP8icut8UDMjQPsaH5KbcOogefrFQ=="],

    "@inquirer/core": ["@inquirer/core@11.2.1", "", { "dependencies": { "@inquirer/ansi": "^2.0.7", "@inquirer/figures": "^2.0.7", "@inquirer/type": "^4.0.7", "cli-width": "^4.1.0", "fast-wrap-ansi": "^0.2.0", "mute-stream": "^3.0.0", "signal-exit": "^4.1.0" }, "peerDependencies": { "@types/node": ">=18" }, "optionalPeers": ["@types/node"] }, "sha512-Qd6GJT1yVyrZZCfN8W2qKF5ApmqryXRhRKCuip8h01x2w/esJQ2XIYc6f9abMIHgKQdBfFTSOdbHRLAhuM09UA=="],

    "@inquirer/editor": ["@inquirer/editor@5.2.2", "", { "dependencies": { "@inquirer/core": "^11.2.1", "@inquirer/external-editor": "^3.0.3", "@inquirer/type": "^4.0.7" }, "peerDependencies": { "@types/node": ">=18" }, "optionalPeers": ["@types/node"] }, "sha512-ZRVd/oD+sYsUd5zVm0NflqEzlqfYCyHNsqkHl2oWXEUHs12tCbcSFi+wVFEvD8+LGRaMUsVrE7qeo6lSG/S1Vg=="],

    "@inquirer/expand": ["@inquirer/expand@5.1.1", "", { "dependencies": { "@inquirer/core": "^11.2.1", "@inquirer/type": "^4.0.7" }, "peerDependencies": { "@types/node": ">=18" }, "optionalPeers": ["@types/node"] }, "sha512-YmQpenjbFSHAK3sOd44puHh3V1KXXr+JiNpUztoSQ4drLh2rTVzTap/YtlAVu/5xavifIlBfNEzJ/neZJ1a/1g=="],

    "@inquirer/external-editor": ["@inquirer/external-editor@3.0.3", "", { "dependencies": { "chardet": "^2.1.1", "iconv-lite": "^0.7.2" }, "peerDependencies": { "@types/node": ">=18" }, "optionalPeers": ["@types/node"] }, "sha512-6thf5I8q7lZwzGLAxPaaGEREEkZ3nyePPDQ1oyobblxmEE8mqTLguScP7pDjUTAibiyb4hfXl+qjUEJ+di/aNA=="],

    "@inquirer/figures": ["@inquirer/figures@2.0.7", "", {}, "sha512-aJ8TBPOGB6f/2qziPfElISTCEd5XOYTFckA2SGjhNmiKzfK/u4ot3v0DUzGVdUnKjN10EqnnEPck36BkyfLnJw=="],

    "@inquirer/input": ["@inquirer/input@5.1.2", "", { "dependencies": { "@inquirer/core": "^11.2.1", "@inquirer/type": "^4.0.7" }, "peerDependencies": { "@types/node": ">=18" }, "optionalPeers": ["@types/node"] }, "sha512-9K/DDBSQpOyZSkt6sOVP9Vo0TR7atX2kuILsUu0x3wVcVbe97lJwIJKMLdMw25tDYuXl/qp6erT0Xs1rfmcfZg=="],

    "@inquirer/number": ["@inquirer/number@4.1.1", "", { "dependencies": { "@inquirer/core": "^11.2.1", "@inquirer/type": "^4.0.7" }, "peerDependencies": { "@types/node": ">=18" }, "optionalPeers": ["@types/node"] }, "sha512-XF4IXAbPnGPgw0wsbC/i2tPcyfdZgDpUlhsqU0SfT4IRIGWha6Xm9VRgN5yYxJq+jnyXlfXI/nQ3ulfk0iEICA=="],

    "@inquirer/password": ["@inquirer/password@5.1.1", "", { "dependencies": { "@inquirer/ansi": "^2.0.7", "@inquirer/core": "^11.2.1", "@inquirer/type": "^4.0.7" }, "peerDependencies": { "@types/node": ">=18" }, "optionalPeers": ["@types/node"] }, "sha512-3XBfF7DAsp5qeDsvN5Rd1HmbNokVvEQoUM0QLrRcybC9nX96w3Pbmu7qUsb3IT3J3jBvs2+mTXaKHOUsgHMLzg=="],

    "@inquirer/prompts": ["@inquirer/prompts@8.5.2", "", { "dependencies": { "@inquirer/checkbox": "^5.2.1", "@inquirer/confirm": "^6.1.1", "@inquirer/editor": "^5.2.2", "@inquirer/expand": "^5.1.1", "@inquirer/input": "^5.1.2", "@inquirer/number": "^4.1.1", "@inquirer/password": "^5.1.1", "@inquirer/rawlist": "^5.3.1", "@inquirer/search": "^4.2.1", "@inquirer/select": "^5.2.1" }, "peerDependencies": { "@types/node": ">=18" }, "optionalPeers": ["@types/node"] }, "sha512-IYR/3C/paEVVQYQvdDlFZVjRCJVYHHON0XXMH91KO9GSxs0TdKYWlUdvfQl2EfAHDxUaN3IBffkE/BDTh5nJ6g=="],

    "@inquirer/rawlist": ["@inquirer/rawlist@5.3.1", "", { "dependencies": { "@inquirer/core": "^11.2.1", "@inquirer/type": "^4.0.7" }, "peerDependencies": { "@types/node": ">=18" }, "optionalPeers": ["@types/node"] }, "sha512-QqdTqQddL3qPX/PPrjobpsO25NZ4dWXgTLenrR445L2ptLEYE6Z+PD5c5CNDJNx4ugRgELAIpSIJxZaO2jJ2Og=="],

    "@inquirer/search": ["@inquirer/search@4.2.1", "", { "dependencies": { "@inquirer/core": "^11.2.1", "@inquirer/figures": "^2.0.7", "@inquirer/type": "^4.0.7" }, "peerDependencies": { "@types/node": ">=18" }, "optionalPeers": ["@types/node"] }, "sha512-xJj8QWKRSrfKoBIITLZK61dD3zwo0Rz11fgDImku30/Oe81zMdIdGgrLY2h6RkJ+KZ/GhNYIRMKnH/62qBTA5g=="],

    "@inquirer/select": ["@inquirer/select@5.2.1", "", { "dependencies": { "@inquirer/ansi": "^2.0.7", "@inquirer/core": "^11.2.1", "@inquirer/figures": "^2.0.7", "@inquirer/type": "^4.0.7" }, "peerDependencies": { "@types/node": ">=18" }, "optionalPeers": ["@types/node"] }, "sha512-FlDndEUww8m7BfukO2nJa25vhD+H5jxxCv4oGioKqzyWz3nPHhhw4LKdYRSlXuAx7DsdWia7iyaBPKKS95Evfw=="],

    "@inquirer/type": ["@inquirer/type@4.0.7", "", { "peerDependencies": { "@types/node": ">=18" }, "optionalPeers": ["@types/node"] }, "sha512-t28inv14nMQ1PhKpsJPY+kEs/c00qzeCOS2gTNRyTjG5d6qsVA2fItxW4hkvGZ5lvanGLdtCzVIx5dwdRpN1+g=="],

    "@jimp/core": ["@jimp/core@1.6.1", "", { "dependencies": { "@jimp/file-ops": "1.6.1", "@jimp/types": "1.6.1", "@jimp/utils": "1.6.1", "await-to-js": "^3.0.0", "exif-parser": "^0.1.12", "file-type": "^21.3.3", "mime": "3" } }, "sha512-+BoKC5G6hkrSy501zcJ2EpfnllP+avPevcBfRcZe/CW+EwEfY6X1EZ8QWyT7NpDIvEEJb1fdJnMMfUnFkxmw9A=="],

    "@jimp/diff": ["@jimp/diff@1.6.1", "", { "dependencies": { "@jimp/plugin-resize": "1.6.1", "@jimp/types": "1.6.1", "@jimp/utils": "1.6.1", "pixelmatch": "^5.3.0" } }, "sha512-YkKDPdHjLgo1Api3+Bhc0GLAygldlpt97NfOKoNg1U6IUNXA6X2MgosCjPfSBiSvJvrrz1fsIR+/4cfYXBI/HQ=="],

    "@jimp/file-ops": ["@jimp/file-ops@1.6.1", "", {}, "sha512-T+gX6osHjprbDRad0/B71Evyre7ZdVY1z/gFGEG9Z8KOtZPKboWvPeP2UjbZYWQLy9UKCPQX1FNAnDiOPkJL7w=="],

    "@jimp/js-bmp": ["@jimp/js-bmp@1.6.1", "", { "dependencies": { "@jimp/core": "1.6.1", "@jimp/types": "1.6.1", "@jimp/utils": "1.6.1", "bmp-ts": "^1.0.9" } }, "sha512-xzWzNT4/u5zGrTT3Tme9sGU7YzIKxi13+BCQwLqACbt5DXf9SAfdzRkopZQnmDko+6In5nqaT89Gjs43/WdnYQ=="],

    "@jimp/js-gif": ["@jimp/js-gif@1.6.1", "", { "dependencies": { "@jimp/core": "1.6.1", "@jimp/types": "1.6.1", "gifwrap": "^0.10.1", "omggif": "^1.0.10" } }, "sha512-YjY2W26rQa05XhanYhRZ7dingCiNN+T2Ymb1JiigIbABY0B28wHE3v3Cf1/HZPWGu0hOg36ylaKgV5KxF2M58w=="],

    "@jimp/js-jpeg": ["@jimp/js-jpeg@1.6.1", "", { "dependencies": { "@jimp/core": "1.6.1", "@jimp/types": "1.6.1", "jpeg-js": "^0.4.4" } }, "sha512-HT9H3yOmlOFzYmdI15IYdfy6ggQhSRIaHeA+OTJSEORXBqEo97sUZu/DsgHIcX5NJ7TkJBTgZ9BZXsV6UbsyMg=="],

    "@jimp/js-png": ["@jimp/js-png@1.6.1", "", { "dependencies": { "@jimp/core": "1.6.1", "@jimp/types": "1.6.1", "pngjs": "^7.0.0" } }, "sha512-SZ/KVhI5UjcSzzlXsXdIi/LhJ7UShf2NkMOtVrbZQcGzsqNtynAelrOXeoTxcanfVqmNhAoVHg8yR2cYoqrYjA=="],

    "@jimp/js-tiff": ["@jimp/js-tiff@1.6.1", "", { "dependencies": { "@jimp/core": "1.6.1", "@jimp/types": "1.6.1", "utif2": "^4.1.0" } }, "sha512-jDG/eJquID1M4MBlKMmDRBmz2TpXMv7TUyu2nIRUxhlUc2ogC82T+VQUkca9GJH1BBJ9dx5sSE5dGkWNjIbZxw=="],

    "@jimp/plugin-blit": ["@jimp/plugin-blit@1.6.1", "", { "dependencies": { "@jimp/types": "1.6.1", "@jimp/utils": "1.6.1", "zod": "^3.23.8" } }, "sha512-MwnI7C7K81uWddY9FLw1fCOIy6SsPIUftUz36Spt7jisCn8/40DhQMlSxpxTNelnZb/2SnloFimQfRZAmHLOqQ=="],

    "@jimp/plugin-blur": ["@jimp/plugin-blur@1.6.1", "", { "dependencies": { "@jimp/core": "1.6.1", "@jimp/utils": "1.6.1" } }, "sha512-lIo7Tzp5jQu30EFFSK/phXANK3citKVEjepDjQ6ljHoIFtuMRrnybnmI2Md24ulvWlDaz+hh3n6qrMb8ydwhZQ=="],

    "@jimp/plugin-circle": ["@jimp/plugin-circle@1.6.1", "", { "dependencies": { "@jimp/types": "1.6.1", "zod": "^3.23.8" } }, "sha512-kK1PavY6cKHNNKce37vdV4Tmpc1/zDKngGoeOV3j+EMatoHFZUinV3s6F9aWryPs3A0xhCLZgdJ6Zeea1d5LCQ=="],

    "@jimp/plugin-color": ["@jimp/plugin-color@1.6.1", "", { "dependencies": { "@jimp/core": "1.6.1", "@jimp/types": "1.6.1", "@jimp/utils": "1.6.1", "tinycolor2": "^1.6.0", "zod": "^3.23.8" } }, "sha512-LtUN1vAP+LRlZAtTNVhDRSiXx+26Kbz3zJaG6a5k59gQ95jgT5mknnF8lxkHcqJthM4MEk3/tPxkdJpEybyF/A=="],

    "@jimp/plugin-contain": ["@jimp/plugin-contain@1.6.1", "", { "dependencies": { "@jimp/core": "1.6.1", "@jimp/plugin-blit": "1.6.1", "@jimp/plugin-resize": "1.6.1", "@jimp/types": "1.6.1", "@jimp/utils": "1.6.1", "zod": "^3.23.8" } }, "sha512-m0qhrfA8jkTqretGv4w+T/ADFR4GwBpE0sCOC2uJ0dzr44/ddOMsIdrpi89kabqYiPYIrxkgdCVCLm3zn1Vkkg=="],

    "@jimp/plugin-cover": ["@jimp/plugin-cover@1.6.1", "", { "dependencies": { "@jimp/core": "1.6.1", "@jimp/plugin-crop": "1.6.1", "@jimp/plugin-resize": "1.6.1", "@jimp/types": "1.6.1", "zod": "^3.23.8" } }, "sha512-hZytnsth0zoll6cPf434BrT+p/v569Wr5tyO6Dp0dH1IDPhzhB5F38sZGMLDo7bzQiN9JFVB3fxkcJ/WYCJ3Mg=="],

    "@jimp/plugin-crop": ["@jimp/plugin-crop@1.6.1", "", { "dependencies": { "@jimp/core": "1.6.1", "@jimp/types": "1.6.1", "@jimp/utils": "1.6.1", "zod": "^3.23.8" } }, "sha512-EerRSLlclXyKDnYc/H9w/1amZW7b7v3OGi/VlerPd2M/pAu5X8TkyYWtfqYCXnNp1Ixtd8oCo9zGfY9zoXT4rg=="],

    "@jimp/plugin-displace": ["@jimp/plugin-displace@1.6.1", "", { "dependencies": { "@jimp/types": "1.6.1", "@jimp/utils": "1.6.1", "zod": "^3.23.8" } }, "sha512-K07QVl7xQwIfD6KfxRV/c3E9e7ZBXxUXdWuvoTWcKHL2qV48MOF5Nqbz/aJW4ThnQARIsxvYlZjPFiqkCjlU+g=="],

    "@jimp/plugin-dither": ["@jimp/plugin-dither@1.6.1", "", { "dependencies": { "@jimp/types": "1.6.1" } }, "sha512-+2V+GCV2WycMoX1/z977TkZ8Zq/4MVSKElHYatgUqtwXMi2fDK2gKYU2g9V39IqFvTJsTIsK0+58VFz/ROBVew=="],

    "@jimp/plugin-fisheye": ["@jimp/plugin-fisheye@1.6.1", "", { "dependencies": { "@jimp/types": "1.6.1", "@jimp/utils": "1.6.1", "zod": "^3.23.8" } }, "sha512-XtS5ZyoZ0vxZxJ6gkqI63SivhtI58vX95foMPM+cyzYkRsJXMOYCr8DScxF5bp4Xr003NjYm/P+7+08tibwzHA=="],

    "@jimp/plugin-flip": ["@jimp/plugin-flip@1.6.1", "", { "dependencies": { "@jimp/types": "1.6.1", "zod": "^3.23.8" } }, "sha512-ws38W/sGj7LobNRayQ83garxiktOyWxM5vO/y4a/2cy9v65SLEUzVkrj+oeAaUSSObdz4HcCEla7XtGlnAGAaA=="],

    "@jimp/plugin-hash": ["@jimp/plugin-hash@1.6.1", "", { "dependencies": { "@jimp/core": "1.6.1", "@jimp/js-bmp": "1.6.1", "@jimp/js-jpeg": "1.6.1", "@jimp/js-png": "1.6.1", "@jimp/js-tiff": "1.6.1", "@jimp/plugin-color": "1.6.1", "@jimp/plugin-resize": "1.6.1", "@jimp/types": "1.6.1", "@jimp/utils": "1.6.1", "any-base": "^1.1.0" } }, "sha512-sZt6ZcMX6i8vFWb4GYnw0pR/o9++ef0dTVcboTB5B/g7nrxCODIB4wfEkJ/YqZM5wUvol77K1qeS0/rVO6z21A=="],

    "@jimp/plugin-mask": ["@jimp/plugin-mask@1.6.1", "", { "dependencies": { "@jimp/types": "1.6.1", "zod": "^3.23.8" } }, "sha512-SIG0/FcmEj3tkwFxc7fAGLO8o4uNzMpSOdQOhbCgxefQKq5wOVMk9BQx/sdMPBwtMLr9WLq0GzLA/rk6t2v20A=="],

    "@jimp/plugin-print": ["@jimp/plugin-print@1.6.1", "", { "dependencies": { "@jimp/core": "1.6.1", "@jimp/js-jpeg": "1.6.1", "@jimp/js-png": "1.6.1", "@jimp/plugin-blit": "1.6.1", "@jimp/types": "1.6.1", "parse-bmfont-ascii": "^1.0.6", "parse-bmfont-binary": "^1.0.6", "parse-bmfont-xml": "^1.1.6", "simple-xml-to-json": "^1.2.2", "zod": "^3.23.8" } }, "sha512-BYVz/X3Xzv8XYilVeDy11NOp0h7BTDjlOtu0BekIFHP1yHVd24AXNzbOy52XlzYZWQ0Dl36HOHEpl/nSNrzc6w=="],

    "@jimp/plugin-quantize": ["@jimp/plugin-quantize@1.6.1", "", { "dependencies": { "image-q": "^4.0.0", "zod": "^3.23.8" } }, "sha512-J2En9PLURfP+vwYDtuZ9T8yBW6BWYZBScydAjRiPBmJfEhTcNQqiiQODrZf7EqbbX/Sy5H6dAeRiqkgoV9N6Ww=="],

    "@jimp/plugin-resize": ["@jimp/plugin-resize@1.6.1", "", { "dependencies": { "@jimp/core": "1.6.1", "@jimp/types": "1.6.1", "zod": "^3.23.8" } }, "sha512-CLkrtJoIz2HdWnpYiN6p8KYcPc00rCH/SUu6o+lfZL05Q4uhecJlnvXuj9x+U6mDn3ldPmJj6aZqMHuUJzdVqg=="],

    "@jimp/plugin-rotate": ["@jimp/plugin-rotate@1.6.1", "", { "dependencies": { "@jimp/core": "1.6.1", "@jimp/plugin-crop": "1.6.1", "@jimp/plugin-resize": "1.6.1", "@jimp/types": "1.6.1", "@jimp/utils": "1.6.1", "zod": "^3.23.8" } }, "sha512-nOjVjbbj705B02ksysKnh0POAwEBXZtJ9zQ5qC+X7Tavl3JNn+P3BzQovbBxLPSbUSld6XID9z5ijin4PtOAUg=="],

    "@jimp/plugin-threshold": ["@jimp/plugin-threshold@1.6.1", "", { "dependencies": { "@jimp/core": "1.6.1", "@jimp/plugin-color": "1.6.1", "@jimp/plugin-hash": "1.6.1", "@jimp/types": "1.6.1", "@jimp/utils": "1.6.1", "zod": "^3.23.8" } }, "sha512-JOKv9F8s6tnVLf4sB/2fF0F339EFnHvgEdFYugO6VhowKLsap0pEZmLyE/DlRnYtIj2RddHZVxVMp/eKJ04l2Q=="],

    "@jimp/types": ["@jimp/types@1.6.1", "", { "dependencies": { "zod": "^3.23.8" } }, "sha512-leI7YbveTNi565m910XgIOwXyuu074H5qazAD1357HImJSv2hqxnWXpwxQbadGWZ7goZRYBDZy5lpqud0p7q5w=="],

    "@jimp/utils": ["@jimp/utils@1.6.1", "", { "dependencies": { "@jimp/types": "1.6.1", "tinycolor2": "^1.6.0" } }, "sha512-veFPRd93FCnS7AgmCkPgARVGoDRrJ9cm1ujuNyA+UfQ5VKbED2002sm5XfFLFwTsKC8j04heTrwe+tU1dluXOw=="],

    "@minpeter/pss-runtime": ["@minpeter/pss-runtime@0.0.10", "", { "dependencies": { "ai": "7.0.0-canary.142" } }, "sha512-ny5qg1/WPjJuAI9gOmRdlSV4Bv5wiOq9nC38bRngkKT7d5u/A/MPXu1HPpjlFQamEvKVwBIqLns3OYhKolIkiQ=="],

    "@standard-schema/spec": ["@standard-schema/spec@1.1.0", "", {}, "sha512-l2aFy5jALhniG5HgqrD6jXLi/rUWrKvqN/qJx6yoJsgKhblVd+iqqU4RCXavm/jPityDo5TCvKMnpjKnOriy0w=="],

    "@tokenizer/inflate": ["@tokenizer/inflate@0.4.1", "", { "dependencies": { "debug": "^4.4.3", "token-types": "^6.1.1" } }, "sha512-2mAv+8pkG6GIZiF1kNg1jAjh27IDxEPKwdGul3snfztFerfPGI1LjDezZp3i7BElXompqEtPmoPx6c2wgtWsOA=="],

    "@tokenizer/token": ["@tokenizer/token@0.3.0", "", {}, "sha512-OvjF+z51L3ov0OyAU0duzsYuvO01PH7x4t6DJx+guahgTnBHkhJdG7soQeTSFLWN3efnHyibZ4Z8l2EuWwJN3A=="],

    "@types/node": ["@types/node@25.9.1", "", { "dependencies": { "undici-types": ">=7.24.0 <7.24.7" } }, "sha512-xfrlY7UD5rMJk3ZVJP8BNzS28J36YJg+xp+LPXV1TdWxr8uMH5A860QNxYDGQe/ylDSgjxE52Q9VnO7p75tJxg=="],

    "@vercel/oidc": ["@vercel/oidc@3.2.0", "", {}, "sha512-UycprH3T6n3jH0k44NHMa7pnFHGu/N05MjojYr+Mc6I7obkoLIJujSWwin1pCvdy/eOxrI/l3uDLQsmcrOb4ug=="],

    "@workflow/serde": ["@workflow/serde@4.1.0", "", {}, "sha512-pav4F2BoirECWR7Nf1TKt+2eETcBj7jj4cBefQ8VXQCA6NPkaKeLfj/zMgi+3zYV5ZIBT4GuUiphsj0/b9hPQQ=="],

    "@xmldom/xmldom": ["@xmldom/xmldom@0.9.10", "", {}, "sha512-A9gOqLdi6cV4ibazAjcQufGj0B1y/vDqYrcuP6d/6x8P27gRS8643Dj9o1dEKtB6O7fwxb2FgBmJS2mX7gpvdw=="],

    "ai": ["ai@7.0.0-canary.142", "", { "dependencies": { "@ai-sdk/gateway": "4.0.0-canary.83", "@ai-sdk/provider": "4.0.0-canary.16", "@ai-sdk/provider-utils": "5.0.0-canary.41" }, "peerDependencies": { "zod": "^3.25.76 || ^4.1.8" } }, "sha512-i+7o7QIL4E4mNX7jklwIAAvurmJn35gtIyqh7glx66ylj8QfAEJcXY5M2uVNrycliECOCYqTSBIiv7Ai67SXOQ=="],

    "ansi-escapes": ["ansi-escapes@7.3.0", "", { "dependencies": { "environment": "^1.0.0" } }, "sha512-BvU8nYgGQBxcmMuEeUEmNTvrMVjJNSH7RgW24vXexN4Ven6qCvy4TntnvlnwnMLTVlcRQQdbRY8NKnaIoeWDNg=="],

    "ansi-regex": ["ansi-regex@6.2.2", "", {}, "sha512-Bq3SmSpyFHaWjPk8If9yc6svM8c56dB5BAtW4Qbw5jHTwwXXcTLoRMkpDJp6VL0XzlWaCHTXrkFURMYmD0sLqg=="],

    "ansi-styles": ["ansi-styles@6.2.3", "", {}, "sha512-4Dj6M28JB+oAH8kFkTLUo+a2jwOFkuqb3yucU0CANcRRUbxS0cP0nZYCGjcc3BNXwRIsUVmDGgzawme7zvJHvg=="],

    "any-base": ["any-base@1.1.0", "", {}, "sha512-uMgjozySS8adZZYePpaWs8cxB9/kdzmpX6SgJZ+wbz1K5eYk5QMYDVJaZKhxyIHUdnnJkfR7SVgStgH7LkGUyg=="],

    "app-path": ["app-path@4.0.0", "", { "dependencies": { "execa": "^5.0.0" } }, "sha512-mgBO9PZJ3MpbKbwFTljTi36ZKBvG5X/fkVR1F85ANsVcVllEb+C0LGNdJfGUm84GpC4xxgN6HFkmkMU8VEO4mA=="],

    "await-to-js": ["await-to-js@3.0.0", "", {}, "sha512-zJAaP9zxTcvTHRlejau3ZOY4V7SRpiByf3/dxx2uyKxxor19tpmpV2QRsTKikckwhaPmr2dVpxxMr7jOCYVp5g=="],

    "base64-js": ["base64-js@1.5.1", "", {}, "sha512-AKpaYlHn8t4SVbOHCy+b5+KKgvR4vrsD8vbvrbiQJps7fKDTkjkDry6ji0rUJjC0kzbNePLwzxq8iypo41qeWA=="],

    "bmp-ts": ["bmp-ts@1.0.9", "", {}, "sha512-cTEHk2jLrPyi+12M3dhpEbnnPOsaZuq7C45ylbbQIiWgDFZq4UVYPEY5mlqjvsj/6gJv9qX5sa+ebDzLXT28Vw=="],

    "bun-types": ["bun-types@1.3.14", "", { "dependencies": { "@types/node": "*" } }, "sha512-4N0ig0fEomHt5R0KCFWjovxow98rIoRwKolrYdCcknNwMekCXRnWEUvgu5soYV8QXtVsrUD8B95MBOZGPvr6KQ=="],

    "chalk": ["chalk@5.6.2", "", {}, "sha512-7NzBL0rN6fMUW+f7A6Io4h40qQlG+xGmtMxfbnH/K7TAtt8JQWVQK+6g0UXKMeVJoyV5EkkNsErQ8pVD3bLHbA=="],

    "chardet": ["chardet@2.1.1", "", {}, "sha512-PsezH1rqdV9VvyNhxxOW32/d75r01NY7TQCmOqomRo15ZSOKbpTFVsfjghxo6JloQUCGnH4k1LGu0R4yCLlWQQ=="],

    "cli-cursor": ["cli-cursor@5.0.0", "", { "dependencies": { "restore-cursor": "^5.0.0" } }, "sha512-aCj4O5wKyszjMmDT4tZj93kxyydN/K5zPWSCe6/0AV/AA1pqe5ZBIw0a2ZfPQV7lL5/yb5HsUreJ6UFAF1tEQw=="],

    "cli-width": ["cli-width@4.1.0", "", {}, "sha512-ouuZd4/dm2Sw5Gmqy6bGyNNNe1qt9RpmxveLSO7KcgsTnU7RXfsw+/bukWGo1abgBiMAic068rclZsO4IWmmxQ=="],

    "cross-spawn": ["cross-spawn@7.0.6", "", { "dependencies": { "path-key": "^3.1.0", "shebang-command": "^2.0.0", "which": "^2.0.1" } }, "sha512-uV2QOWP2nWzsy2aMp8aRibhi9dlzF5Hgh5SHaB9OiTGEyDTiJJyx0uy51QXdyWbtAHNua4XJzUKca3OzKUd3vA=="],

    "debug": ["debug@4.4.3", "", { "dependencies": { "ms": "^2.1.3" } }, "sha512-RGwwWnwQvkVfavKVt22FGLw+xYSdzARwm0ru6DhTVA3umU5hZc28V3kO4stgYryrTlLpuvgI9GiijltAjNbcqA=="],

    "dotenv": ["dotenv@17.4.2", "", {}, "sha512-nI4U3TottKAcAD9LLud4Cb7b2QztQMUEfHbvhTH09bqXTxnSie8WnjPALV/WMCrJZ6UV/qHJ6L03OqO3LcdYZw=="],

    "environment": ["environment@1.1.0", "", {}, "sha512-xUtoPkMggbz0MPyPiIWr1Kp4aeWJjDZ6SMvURhimjdZgsRuDplF5/s9hcgGhyXMhs+6vpnuoiZ2kFiu3FMnS8Q=="],

    "eventsource-parser": ["eventsource-parser@3.1.0", "", {}, "sha512-kJezFj9YFAMLeORyi7aCLxLbD5/qWMQnoMVlVPyHIll7lgRJCc3JVln9Vgl9nwQi0YkMnhdGTMNn7CkRRAptMg=="],

    "execa": ["execa@5.1.1", "", { "dependencies": { "cross-spawn": "^7.0.3", "get-stream": "^6.0.0", "human-signals": "^2.1.0", "is-stream": "^2.0.0", "merge-stream": "^2.0.0", "npm-run-path": "^4.0.1", "onetime": "^5.1.2", "signal-exit": "^3.0.3", "strip-final-newline": "^2.0.0" } }, "sha512-8uSpZZocAZRBAPIEINJj3Lo9HyGitllczc27Eh5YYojjMFMn8yHMDMaUHE2Jqfq05D/wucwI4JGURyXt1vchyg=="],

    "exif-parser": ["exif-parser@0.1.12", "", {}, "sha512-c2bQfLNbMzLPmzQuOr8fy0csy84WmwnER81W88DzTp9CYNPJ6yzOj2EZAh9pywYpqHnshVLHQJ8WzldAyfY+Iw=="],

    "fast-string-truncated-width": ["fast-string-truncated-width@3.0.3", "", {}, "sha512-0jjjIEL6+0jag3l2XWWizO64/aZVtpiGE3t0Zgqxv0DPuxiMjvB3M24fCyhZUO4KomJQPj3LTSUnDP3GpdwC0g=="],

    "fast-string-width": ["fast-string-width@3.0.2", "", { "dependencies": { "fast-string-truncated-width": "^3.0.2" } }, "sha512-gX8LrtNEI5hq8DVUfRQMbr5lpaS4nMIWV+7XEbXk2b8kiQIizgnlr12B4dA3ZEx3308ze0O4Q1R+cHts8kyUJg=="],

    "fast-wrap-ansi": ["fast-wrap-ansi@0.2.2", "", { "dependencies": { "fast-string-width": "^3.0.2" } }, "sha512-7F2Fl+TjRSenLqlU3UjSH0iyqopqoZIu7eZVpEirP2g1GtWa2G/ecEmBdgz31+Mxr+ELclgg6sokpSFIQiZ02Q=="],

    "file-type": ["file-type@21.3.4", "", { "dependencies": { "@tokenizer/inflate": "^0.4.1", "strtok3": "^10.3.4", "token-types": "^6.1.1", "uint8array-extras": "^1.4.0" } }, "sha512-Ievi/yy8DS3ygGvT47PjSfdFoX+2isQueoYP1cntFW1JLYAuS4GD7NUPGg4zv2iZfV52uDyk5w5Z0TdpRS6Q1g=="],

    "get-east-asian-width": ["get-east-asian-width@1.6.0", "", {}, "sha512-QRbvDIbx6YklUe6RxeTeleMR0yv3cYH6PsPZHcnVn7xv7zO1BHN8r0XETu8n6Ye3Q+ahtSarc3WgtNWmehIBfA=="],

    "get-stream": ["get-stream@6.0.1", "", {}, "sha512-ts6Wi+2j3jQjqi70w5AlN8DFnkSwC+MqmxEzdEALB2qXZYV3X/b1CTfgPLGJNMeAWxdPfU8FO1ms3NUfaHCPYg=="],

    "gifwrap": ["gifwrap@0.10.1", "", { "dependencies": { "image-q": "^4.0.0", "omggif": "^1.0.10" } }, "sha512-2760b1vpJHNmLzZ/ubTtNnEx5WApN/PYWJvXvgS+tL1egTTthayFYIQQNi136FLEDcN/IyEY2EcGpIITD6eYUw=="],

    "human-signals": ["human-signals@2.1.0", "", {}, "sha512-B4FFZ6q/T2jhhksgkbEW3HBvWIfDW85snkQgawt07S7J5QXTk6BkNV+0yAeZrM5QpMAdYlocGoljn0sJ/WQkFw=="],

    "iconv-lite": ["iconv-lite@0.7.2", "", { "dependencies": { "safer-buffer": ">= 2.1.2 < 3.0.0" } }, "sha512-im9DjEDQ55s9fL4EYzOAv0yMqmMBSZp6G0VvFyTMPKWxiSBHUj9NW/qqLmXUwXrrM7AvqSlTCfvqRb0cM8yYqw=="],

    "ieee754": ["ieee754@1.2.1", "", {}, "sha512-dcyqhDvX1C46lXZcVqCpK+FtMRQVdIMN6/Df5js2zouUsqG7I6sFxitIC+7KYK29KdXOLHdu9zL4sFnoVQnqaA=="],

    "image-dimensions": ["image-dimensions@2.5.1", "", { "bin": { "image-dimensions": "cli.js" } }, "sha512-It7CkTNp7IYA8jhvGgz8K18OAbHF3/Juk8RNEyTyMFfolJOIU1Y2wGDnzDQPbGCjyxVF/++pwIZE0BKJUEOb1g=="],

    "image-q": ["image-q@4.0.0", "", { "dependencies": { "@types/node": "16.9.1" } }, "sha512-PfJGVgIfKQJuq3s0tTDOKtztksibuUEbJQIYT3by6wctQo+Rdlh7ef4evJ5NCdxY4CfMbvFkocEwbl4BF8RlJw=="],

    "is-fullwidth-code-point": ["is-fullwidth-code-point@5.1.0", "", { "dependencies": { "get-east-asian-width": "^1.3.1" } }, "sha512-5XHYaSyiqADb4RnZ1Bdad6cPp8Toise4TzEjcOYDHZkTCbKgiUl7WTUCpNWHuxmDt91wnsZBc9xinNzopv3JMQ=="],

    "is-stream": ["is-stream@2.0.1", "", {}, "sha512-hFoiJiTl63nn+kstHGBtewWSKnQLpyb155KHheA1l39uvtO9nWIop1p3udqPcUd/xbF1VLMO4n7OI6p7RbngDg=="],

    "isexe": ["isexe@2.0.0", "", {}, "sha512-RHxMLp9lnKHGHRng9QFhRCMbYAcVpn69smSGcq3f36xjgVVWThj4qqLbTLlq7Ssj8B+fIQ1EuCEGI2lKsyQeIw=="],

    "iterm2-version": ["iterm2-version@5.0.0", "", { "dependencies": { "app-path": "^4.0.0", "plist": "^3.0.2" } }, "sha512-WdLXcMYvN3SXT6vEtuW78vnZs4pVWm2nBnb4VKjOPPXmdlR1xTHmBgqKacOzAe4RXOiY/V+0u/0zsU3LoGQoBg=="],

    "jimp": ["jimp@1.6.1", "", { "dependencies": { "@jimp/core": "1.6.1", "@jimp/diff": "1.6.1", "@jimp/js-bmp": "1.6.1", "@jimp/js-gif": "1.6.1", "@jimp/js-jpeg": "1.6.1", "@jimp/js-png": "1.6.1", "@jimp/js-tiff": "1.6.1", "@jimp/plugin-blit": "1.6.1", "@jimp/plugin-blur": "1.6.1", "@jimp/plugin-circle": "1.6.1", "@jimp/plugin-color": "1.6.1", "@jimp/plugin-contain": "1.6.1", "@jimp/plugin-cover": "1.6.1", "@jimp/plugin-crop": "1.6.1", "@jimp/plugin-displace": "1.6.1", "@jimp/plugin-dither": "1.6.1", "@jimp/plugin-fisheye": "1.6.1", "@jimp/plugin-flip": "1.6.1", "@jimp/plugin-hash": "1.6.1", "@jimp/plugin-mask": "1.6.1", "@jimp/plugin-print": "1.6.1", "@jimp/plugin-quantize": "1.6.1", "@jimp/plugin-resize": "1.6.1", "@jimp/plugin-rotate": "1.6.1", "@jimp/plugin-threshold": "1.6.1", "@jimp/types": "1.6.1", "@jimp/utils": "1.6.1" } }, "sha512-hNQh6rZtWfSVWSNVmvq87N5BPJsNH7k7I7qyrXf9DOma9xATQk3fsyHazCQe51nCjdkoWdTmh0vD7bjVSLoxxw=="],

    "jpeg-js": ["jpeg-js@0.4.4", "", {}, "sha512-WZzeDOEtTOBK4Mdsar0IqEU5sMr3vSV2RqkAIzUEV2BHnUfKGyswWFPFwK5EeDo93K3FohSHbLAjj0s1Wzd+dg=="],

    "json-schema": ["json-schema@0.4.0", "", {}, "sha512-es94M3nTIfsEPisRafak+HDLfHXnKBhV3vU5eqPcS3flIWqcxJWgXHXiey3YrpaNsanY5ei1VoYEbOzijuq9BA=="],

    "ky": ["ky@1.14.3", "", {}, "sha512-9zy9lkjac+TR1c2tG+mkNSVlyOpInnWdSMiue4F+kq8TwJSgv6o8jhLRg8Ho6SnZ9wOYUq/yozts9qQCfk7bIw=="],

    "log-update": ["log-update@8.0.0", "", { "dependencies": { "ansi-escapes": "^7.3.0", "cli-cursor": "^5.0.0", "slice-ansi": "^9.0.0", "string-width": "^8.2.0", "strip-ansi": "^7.2.0", "wrap-ansi": "^10.0.0" } }, "sha512-lddSgOt3bPASrylL54ZSpy8nBHns+vBVSoILlVOx+dei300pnLRN958rj/EdlVLKuWlSESU3qdnDZdAI7FXYGg=="],

    "merge-stream": ["merge-stream@2.0.0", "", {}, "sha512-abv/qOcuPfk3URPfDzmZU1LKmuw8kT+0nIHvKrKgFrwifol/doWcdA4ZqsWQ8ENrFKkd67Mfpo/LovbIUsbt3w=="],

    "mime": ["mime@3.0.0", "", { "bin": { "mime": "cli.js" } }, "sha512-jSCU7/VB1loIWBZe14aEYHU/+1UMEHoaO7qxCOVJOw9GgH72VAWppxNcjU+x9a2k3GSIBXNKxXQFqRvvZ7vr3A=="],

    "mimic-fn": ["mimic-fn@2.1.0", "", {}, "sha512-OqbOk5oEQeAZ8WXWydlu9HJjz9WVdEIvamMCcXmuqUYjTknH/sqsWvhQ3vgwKFRR1HpjvNBKQ37nbJgYzGqGcg=="],

    "mimic-function": ["mimic-function@5.0.1", "", {}, "sha512-VP79XUPxV2CigYP3jWwAUFSku2aKqBH7uTAapFWCBqutsbmDo96KY5o8uh6U+/YSIn5OxJnXp73beVkpqMIGhA=="],

    "ms": ["ms@2.1.3", "", {}, "sha512-6FlzubTLZG3J2a/NVCAleEhjzq5oxgHyaCU9yYXvcLsvoVaHJq/s5xXI6/XXP6tz7R9xAOtHnSO/tXtF3WRTlA=="],

    "mute-stream": ["mute-stream@3.0.0", "", {}, "sha512-dkEJPVvun4FryqBmZ5KhDo0K9iDXAwn08tMLDinNdRBNPcYEDiWYysLcc6k3mjTMlbP9KyylvRpd4wFtwrT9rw=="],

    "npm-run-path": ["npm-run-path@4.0.1", "", { "dependencies": { "path-key": "^3.0.0" } }, "sha512-S48WzZW777zhNIrn7gxOlISNAqi9ZC/uQFnRdbeIHhZhCA6UqpkOT8T1G7BvfdgP4Er8gF4sUbaS0i7QvIfCWw=="],

    "omggif": ["omggif@1.0.10", "", {}, "sha512-LMJTtvgc/nugXj0Vcrrs68Mn2D1r0zf630VNtqtpI1FEO7e+O9FP4gqs9AcnBaSEeoHIPm28u6qgPR0oyEpGSw=="],

    "onetime": ["onetime@7.0.0", "", { "dependencies": { "mimic-function": "^5.0.0" } }, "sha512-VXJjc87FScF88uafS3JllDgvAm+c/Slfz06lorj2uAY34rlUu0Nt+v8wreiImcrgAjjIHp1rXpTDlLOGw29WwQ=="],

    "pako": ["pako@1.0.11", "", {}, "sha512-4hLB8Py4zZce5s4yd9XzopqwVv/yGNhV1Bl8NTmCq1763HeK2+EwVTv+leGeL13Dnh2wfbqowVPXCIO0z4taYw=="],

    "parse-bmfont-ascii": ["parse-bmfont-ascii@1.0.6", "", {}, "sha512-U4RrVsUFCleIOBsIGYOMKjn9PavsGOXxbvYGtMOEfnId0SVNsgehXh1DxUdVPLoxd5mvcEtvmKs2Mmf0Mpa1ZA=="],

    "parse-bmfont-binary": ["parse-bmfont-binary@1.0.6", "", {}, "sha512-GxmsRea0wdGdYthjuUeWTMWPqm2+FAd4GI8vCvhgJsFnoGhTrLhXDDupwTo7rXVAgaLIGoVHDZS9p/5XbSqeWA=="],

    "parse-bmfont-xml": ["parse-bmfont-xml@1.1.6", "", { "dependencies": { "xml-parse-from-string": "^1.0.0", "xml2js": "^0.5.0" } }, "sha512-0cEliVMZEhrFDwMh4SxIyVJpqYoOWDJ9P895tFuS+XuNzI5UBmBk5U5O4KuJdTnZpSBI4LFA2+ZiJaiwfSwlMA=="],

    "path-key": ["path-key@3.1.1", "", {}, "sha512-ojmeN0qd+y0jszEtoY48r0Peq5dwMEkIlCOu6Q5f41lfkswXuKtYrhgoTpLnyIcHm24Uhqx+5Tqm2InSwLhE6Q=="],

    "pixelmatch": ["pixelmatch@5.3.0", "", { "dependencies": { "pngjs": "^6.0.0" }, "bin": { "pixelmatch": "bin/pixelmatch" } }, "sha512-o8mkY4E/+LNUf6LzX96ht6k6CEDi65k9G2rjMtBe9Oo+VPKSvl+0GKHuH/AlG+GA5LPG/i5hrekkxUc3s2HU+Q=="],

    "plist": ["plist@3.1.1", "", { "dependencies": { "@xmldom/xmldom": "^0.9.10", "base64-js": "^1.5.1", "xmlbuilder": "^15.1.1" } }, "sha512-ZIfcLJC+7E7FBFnDxm9MPmt7D+DidyQ26lewieO75AdhA2ayMtsJSES0iWzqJQbcVRSrTufQoy0DR94xHue0oA=="],

    "pngjs": ["pngjs@7.0.0", "", {}, "sha512-LKWqWJRhstyYo9pGvgor/ivk2w94eSjE3RGVuzLGlr3NmD8bf7RcYGze1mNdEHRP6TRP6rMuDHk5t44hnTRyow=="],

    "restore-cursor": ["restore-cursor@5.1.0", "", { "dependencies": { "onetime": "^7.0.0", "signal-exit": "^4.1.0" } }, "sha512-oMA2dcrw6u0YfxJQXm342bFKX/E4sG9rbTzO9ptUcR/e8A33cHuvStiYOwH7fszkZlZ1z/ta9AAoPk2F4qIOHA=="],

    "safer-buffer": ["safer-buffer@2.1.2", "", {}, "sha512-YZo3K82SD7Riyi0E1EQPojLz7kpepnSQI9IyPbHHg1XXXevb5dJI7tpyN2ADxGcQbHG7vcyRHk0cbwqcQriUtg=="],

    "sax": ["sax@1.6.0", "", {}, "sha512-6R3J5M4AcbtLUdZmRv2SygeVaM7IhrLXu9BmnOGmmACak8fiUtOsYNWUS4uK7upbmHIBbLBeFeI//477BKLBzA=="],

    "shebang-command": ["shebang-command@2.0.0", "", { "dependencies": { "shebang-regex": "^3.0.0" } }, "sha512-kHxr2zZpYtdmrN1qDjrrX/Z1rR1kG8Dx+gkpK1G4eXmvXswmcE1hTWBWYUzlraYw1/yZp6YuDY77YtvbN0dmDA=="],

    "shebang-regex": ["shebang-regex@3.0.0", "", {}, "sha512-7++dFhtcx3353uBaq8DDR4NuxBetBzC7ZQOhmTQInHEd6bSrXdiEyzCvG07Z44UYdLShWUyXt5M/yhz8ekcb1A=="],

    "signal-exit": ["signal-exit@4.1.0", "", {}, "sha512-bzyZ1e88w9O1iNJbKnOlvYTrWPDl46O1bG0D3XInv+9tkPrxrN8jUUTiFlDkkmKWgn1M6CfIA13SuGqOa9Korw=="],

    "simple-xml-to-json": ["simple-xml-to-json@1.2.7", "", {}, "sha512-mz9VXphOxQWX3eQ/uXCtm6upltoN0DLx8Zb5T4TFC4FHB7S9FDPGre8CfLWqPWQQH/GrQYd2AXhhVM5LDpYx6Q=="],

    "slice-ansi": ["slice-ansi@9.0.0", "", { "dependencies": { "ansi-styles": "^6.2.3", "is-fullwidth-code-point": "^5.1.0" } }, "sha512-SO/3iYL5S3W57LLEniscOGPZgOqZUPCx6d3dB+52B80yJ0XstzsC/eV8gnA4tM3MHDrKz+OCFSLNjswdSC+/bA=="],

    "string-width": ["string-width@8.2.1", "", { "dependencies": { "get-east-asian-width": "^1.5.0", "strip-ansi": "^7.1.2" } }, "sha512-IIaP0g3iy9Cyy18w3M9YcaDudujEAVHKt3a3QJg1+sr/oX96TbaGUubG0hJyCjCBThFH+tFpcIyoUHUn1ogaLA=="],

    "strip-ansi": ["strip-ansi@7.2.0", "", { "dependencies": { "ansi-regex": "^6.2.2" } }, "sha512-yDPMNjp4WyfYBkHnjIRLfca1i6KMyGCtsVgoKe/z1+6vukgaENdgGBZt+ZmKPc4gavvEZ5OgHfHdrazhgNyG7w=="],

    "strip-final-newline": ["strip-final-newline@2.0.0", "", {}, "sha512-BrpvfNAE3dcvq7ll3xVumzjKjZQ5tI1sEUIKr3Uoks0XUl45St3FlatVqef9prk4jRDzhW6WZg+3bk93y6pLjA=="],

    "strtok3": ["strtok3@10.3.5", "", { "dependencies": { "@tokenizer/token": "^0.3.0" } }, "sha512-ki4hZQfh5rX0QDLLkOCj+h+CVNkqmp/CMf8v8kZpkNVK6jGQooMytqzLZYUVYIZcFZ6yDB70EfD8POcFXiF5oA=="],

    "supports-terminal-graphics": ["supports-terminal-graphics@0.1.0", "", {}, "sha512-+KdfozhS0Fw8y5Sghw8kkZNGT8nWYzJ1EzcoIvVjxhl+26TJTs26y02yfBgvc1jh5AS/c8jcI3xtahhR95KRyQ=="],

    "term-img": ["term-img@7.1.0", "", { "dependencies": { "ansi-escapes": "^7.1.1", "iterm2-version": "^5.0.0" } }, "sha512-au++khgSDly2KXNhC6BOU3mLi2v+Dk5mChYKDcpB5xYwhlwqYQtj0z59dIqFEmr+w7ndZaNqurHapkGc6/hprQ=="],

    "terminal-image": ["terminal-image@4.3.0", "", { "dependencies": { "chalk": "^5.6.2", "image-dimensions": "^2.5.0", "jimp": "^1.6.1", "log-update": "^8.0.0", "omggif": "^1.0.10", "supports-terminal-graphics": "^0.1.0", "term-img": "^7.0.0" } }, "sha512-P4bCi7Ich17LgN/P2zM9sYbeleYNgu1Skk3q/uc15Ol9zWSiCldrCcIJ1Pd6dpgRGDmWhGVTgWHjV+ZMk1m/5g=="],

    "tinycolor2": ["tinycolor2@1.6.0", "", {}, "sha512-XPaBkWQJdsf3pLKJV9p4qN/S+fm2Oj8AIPo1BTUhg5oxkvm9+SVEGFdhyOz7tTdUTfvxMiAs4sp6/eZO2Ew+pw=="],

    "token-types": ["token-types@6.1.2", "", { "dependencies": { "@borewit/text-codec": "^0.2.1", "@tokenizer/token": "^0.3.0", "ieee754": "^1.2.1" } }, "sha512-dRXchy+C0IgK8WPC6xvCHFRIWYUbqqdEIKPaKo/AcTUNzwLTK6AH7RjdLWsEZcAN/TBdtfUw3PYEgPr5VPr6ww=="],

    "typescript": ["typescript@5.9.3", "", { "bin": { "tsc": "bin/tsc", "tsserver": "bin/tsserver" } }, "sha512-jl1vZzPDinLr9eUt3J/t7V6FgNEw9QjvBPdysz9KfQDD41fQrC2Y4vKQdiaUpFT4bXlb1RHhLpp8wtm6M5TgSw=="],

    "uint8array-extras": ["uint8array-extras@1.5.0", "", {}, "sha512-rvKSBiC5zqCCiDZ9kAOszZcDvdAHwwIKJG33Ykj43OKcWsnmcBRL09YTU4nOeHZ8Y2a7l1MgTd08SBe9A8Qj6A=="],

    "undici-types": ["undici-types@7.24.6", "", {}, "sha512-WRNW+sJgj5OBN4/0JpHFqtqzhpbnV0GuB+OozA9gCL7a993SmU+1JBZCzLNxYsbMfIeDL+lTsphD5jN5N+n0zg=="],

    "utif2": ["utif2@4.1.0", "", { "dependencies": { "pako": "^1.0.11" } }, "sha512-+oknB9FHrJ7oW7A2WZYajOcv4FcDR4CfoGB0dPNfxbi4GO05RRnFmt5oa23+9w32EanrYcSJWspUiJkLMs+37w=="],

    "which": ["which@2.0.2", "", { "dependencies": { "isexe": "^2.0.0" }, "bin": { "node-which": "./bin/node-which" } }, "sha512-BLI3Tl1TW3Pvl70l3yq3Y64i+awpwXqsGBYWkkqMtnbXgrMD+yj7rhW0kuEDxzJaYXGjEW5ogapKNMEKNMjibA=="],

    "wrap-ansi": ["wrap-ansi@10.0.0", "", { "dependencies": { "ansi-styles": "^6.2.3", "string-width": "^8.2.0", "strip-ansi": "^7.1.2" } }, "sha512-SGcvg80f0wUy2/fXES19feHMz8E0JoXv2uNgHOu4Dgi2OrCy1lqwFYEJz1BLbDI0exjPMe/ZdzZ/YpGECBG/aQ=="],

    "xml-parse-from-string": ["xml-parse-from-string@1.0.1", "", {}, "sha512-ErcKwJTF54uRzzNMXq2X5sMIy88zJvfN2DmdoQvy7PAFJ+tPRU6ydWuOKNMyfmOjdyBQTFREi60s0Y0SyI0G0g=="],

    "xml2js": ["xml2js@0.5.0", "", { "dependencies": { "sax": ">=0.6.0", "xmlbuilder": "~11.0.0" } }, "sha512-drPFnkQJik/O+uPKpqSgr22mpuFHqKdbS835iAQrUC73L2F5WkboIRd63ai/2Yg6I1jzifPFKH2NTK+cfglkIA=="],

    "xmlbuilder": ["xmlbuilder@11.0.1", "", {}, "sha512-fDlsI/kFEx7gLvbecc0/ohLG50fugQp8ryHzMTuW9vSa1GJ0XYWKnhsUx7oie3G98+r56aTQIUB4kht42R3JvA=="],

    "zod": ["zod@4.4.3", "", {}, "sha512-ytENFjIJFl2UwYglde2jchW2Hwm4GJFLDiSXWdTrJQBIN9Fcyp7n4DhxJEiWNAJMV1/BqWfW/kkg71UDcHJyTQ=="],

    "@jimp/plugin-blit/zod": ["zod@3.25.76", "", {}, "sha512-gzUt/qt81nXsFGKIFcC3YnfEAx5NkunCfnDlvuBSSFS02bcXu4Lmea0AFIUwbLWxWPx3d9p8S5QoaujKcNQxcQ=="],

    "@jimp/plugin-circle/zod": ["zod@3.25.76", "", {}, "sha512-gzUt/qt81nXsFGKIFcC3YnfEAx5NkunCfnDlvuBSSFS02bcXu4Lmea0AFIUwbLWxWPx3d9p8S5QoaujKcNQxcQ=="],

    "@jimp/plugin-color/zod": ["zod@3.25.76", "", {}, "sha512-gzUt/qt81nXsFGKIFcC3YnfEAx5NkunCfnDlvuBSSFS02bcXu4Lmea0AFIUwbLWxWPx3d9p8S5QoaujKcNQxcQ=="],

    "@jimp/plugin-contain/zod": ["zod@3.25.76", "", {}, "sha512-gzUt/qt81nXsFGKIFcC3YnfEAx5NkunCfnDlvuBSSFS02bcXu4Lmea0AFIUwbLWxWPx3d9p8S5QoaujKcNQxcQ=="],

    "@jimp/plugin-cover/zod": ["zod@3.25.76", "", {}, "sha512-gzUt/qt81nXsFGKIFcC3YnfEAx5NkunCfnDlvuBSSFS02bcXu4Lmea0AFIUwbLWxWPx3d9p8S5QoaujKcNQxcQ=="],

    "@jimp/plugin-crop/zod": ["zod@3.25.76", "", {}, "sha512-gzUt/qt81nXsFGKIFcC3YnfEAx5NkunCfnDlvuBSSFS02bcXu4Lmea0AFIUwbLWxWPx3d9p8S5QoaujKcNQxcQ=="],

    "@jimp/plugin-displace/zod": ["zod@3.25.76", "", {}, "sha512-gzUt/qt81nXsFGKIFcC3YnfEAx5NkunCfnDlvuBSSFS02bcXu4Lmea0AFIUwbLWxWPx3d9p8S5QoaujKcNQxcQ=="],

    "@jimp/plugin-fisheye/zod": ["zod@3.25.76", "", {}, "sha512-gzUt/qt81nXsFGKIFcC3YnfEAx5NkunCfnDlvuBSSFS02bcXu4Lmea0AFIUwbLWxWPx3d9p8S5QoaujKcNQxcQ=="],

    "@jimp/plugin-flip/zod": ["zod@3.25.76", "", {}, "sha512-gzUt/qt81nXsFGKIFcC3YnfEAx5NkunCfnDlvuBSSFS02bcXu4Lmea0AFIUwbLWxWPx3d9p8S5QoaujKcNQxcQ=="],

    "@jimp/plugin-mask/zod": ["zod@3.25.76", "", {}, "sha512-gzUt/qt81nXsFGKIFcC3YnfEAx5NkunCfnDlvuBSSFS02bcXu4Lmea0AFIUwbLWxWPx3d9p8S5QoaujKcNQxcQ=="],

    "@jimp/plugin-print/zod": ["zod@3.25.76", "", {}, "sha512-gzUt/qt81nXsFGKIFcC3YnfEAx5NkunCfnDlvuBSSFS02bcXu4Lmea0AFIUwbLWxWPx3d9p8S5QoaujKcNQxcQ=="],

    "@jimp/plugin-quantize/zod": ["zod@3.25.76", "", {}, "sha512-gzUt/qt81nXsFGKIFcC3YnfEAx5NkunCfnDlvuBSSFS02bcXu4Lmea0AFIUwbLWxWPx3d9p8S5QoaujKcNQxcQ=="],

    "@jimp/plugin-resize/zod": ["zod@3.25.76", "", {}, "sha512-gzUt/qt81nXsFGKIFcC3YnfEAx5NkunCfnDlvuBSSFS02bcXu4Lmea0AFIUwbLWxWPx3d9p8S5QoaujKcNQxcQ=="],

    "@jimp/plugin-rotate/zod": ["zod@3.25.76", "", {}, "sha512-gzUt/qt81nXsFGKIFcC3YnfEAx5NkunCfnDlvuBSSFS02bcXu4Lmea0AFIUwbLWxWPx3d9p8S5QoaujKcNQxcQ=="],

    "@jimp/plugin-threshold/zod": ["zod@3.25.76", "", {}, "sha512-gzUt/qt81nXsFGKIFcC3YnfEAx5NkunCfnDlvuBSSFS02bcXu4Lmea0AFIUwbLWxWPx3d9p8S5QoaujKcNQxcQ=="],

    "@jimp/types/zod": ["zod@3.25.76", "", {}, "sha512-gzUt/qt81nXsFGKIFcC3YnfEAx5NkunCfnDlvuBSSFS02bcXu4Lmea0AFIUwbLWxWPx3d9p8S5QoaujKcNQxcQ=="],

    "execa/onetime": ["onetime@5.1.2", "", { "dependencies": { "mimic-fn": "^2.1.0" } }, "sha512-kbpaSSGJTWdAY5KPVeMOKXSrPtr8C8C7wodJbcsd51jRnmD+GZu8Y0VoU6Dm5Z4vWr0Ig/1NKuWRKf7j5aaYSg=="],

    "execa/signal-exit": ["signal-exit@3.0.7", "", {}, "sha512-wnD2ZE+l+SPC/uoS0vXeE9L1+0wuaMqKlfz9AMUo38JsyLSBWSFcHR1Rri62LZc12vLr1gb3jl7iwQhgwpAbGQ=="],

    "image-q/@types/node": ["@types/node@16.9.1", "", {}, "sha512-QpLcX9ZSsq3YYUUnD3nFDY8H7wctAhQj/TFKL8Ya8v5fMm3CFXxo8zStsLAl780ltoYoo1WvKUVGBQK+1ifr7g=="],

    "pixelmatch/pngjs": ["pngjs@6.0.0", "", {}, "sha512-TRzzuFRRmEoSW/p1KVAmiOgPco2Irlah+bGFCeNfJXxxYGwSw7YwAOAcd7X28K/m5bjBWKsC29KyoMfHbypayg=="],

    "plist/xmlbuilder": ["xmlbuilder@15.1.1", "", {}, "sha512-yMqGBqtXyeN1e3TGYvgNgDVZ3j84W4cwkOXQswghol6APgZWaff9lnbvN7MHYJOiXsvGPXtjTYJEiC9J2wv9Eg=="],
  }
}
